
Microsoft Visual Studio Solution File, Format Version 12.00
# Visual Studio Version 17
VisualStudioVersion = 17.10.35027.167
MinimumVisualStudioVersion = 10.0.40219.1
Project("{FAE04EC0-301F-11D3-BF4B-00C04F79EFBC}") = "GraphWithLabels", "GraphWithLabels\GraphWithLabels.csproj", "{6257B69A-E04E-47BA-8D2D-4771234BBFEA}"
EndProject
Global
	GlobalSection(SolutionConfigurationPlatforms) = preSolution
		Debug|Any CPU = Debug|Any CPU
		Release|Any CPU = Release|Any CPU
	EndGlobalSection
	GlobalSection(ProjectConfigurationPlatforms) = postSolution
		{6257B69A-E04E-47BA-8D2D-4771234BBFEA}.Debug|Any CPU.ActiveCfg = Debug|Any CPU
		{6257B69A-E04E-47BA-8D2D-4771234BBFEA}.Debug|Any CPU.Build.0 = Debug|Any CPU
		{6257B69A-E04E-47BA-8D2D-4771234BBFEA}.Release|Any CPU.ActiveCfg = Release|Any CPU
		{6257B69A-E04E-47BA-8D2D-4771234BBFEA}.Release|Any CPU.Build.0 = Release|Any CPU
	EndGlobalSection
	GlobalSection(SolutionProperties) = preSolution
		HideSolutionNode = FALSE
	EndGlobalSection
	GlobalSection(ExtensibilityGlobals) = postSolution
		SolutionGuid = {3E0B951C-1C52-44C2-A922-54A8503ABF7E}
	EndGlobalSection
EndGlobal
